// !$*UTF8*$!
{
	archiveVersion = 1;
	classes = {
	};
	objectVersion = 46;
	objects = {

/* Begin PBXBuildFile section */
		B05BA0351FFD2E21004EC6AD /* AppDelegate.swift in Sources */ = {isa = PBXBuildFile; fileRef = B05BA0341FFD2E21004EC6AD /* AppDelegate.swift */; };
		B05BA0371FFD2E21004EC6AD /* ViewController.swift in Sources */ = {isa = PBXBuildFile; fileRef = B05BA0361FFD2E21004EC6AD /* ViewController.swift */; };
		B05BA03A1FFD2E21004EC6AD /* Main.storyboard in Resources */ = {isa = PBXBuildFile; fileRef = B05BA0381FFD2E21004EC6AD /* Main.storyboard */; };
		B05BA03C1FFD2E21004EC6AD /* Assets.xcassets in Resources */ = {isa = PBXBuildFile; fileRef = B05BA03B1FFD2E21004EC6AD /* Assets.xcassets */; };
		B05BA03F1FFD2E21004EC6AD /* LaunchScreen.storyboard in Resources */ = {isa = PBXBuildFile; fileRef = B05BA03D1FFD2E21004EC6AD /* LaunchScreen.storyboard */; };
		B05BA0471FFD6C64004EC6AD /* DefinitionViewController.swift in Sources */ = {isa = PBXBuildFile; fileRef = B05BA0461FFD6C64004EC6AD /* DefinitionViewController.swift */; };
/* End PBXBuildFile section */

/* Begin PBXFileReference section */
		B05BA0311FFD2E21004EC6AD /* Emoji Dictionary.app */ = {isa = PBXFileReference; explicitFileType = wrapper.application; includeInIndex = 0; path = "Emoji Dictionary.app"; sourceTree = BUILT_PRODUCTS_DIR; };
		B05BA0341FFD2E21004EC6AD /* AppDelegate.swift */ = {isa = PBXFileReference; lastKnownFileType = sourcecode.swift; path = AppDelegate.swift; sourceTree = "<group>"; };
		B05BA0361FFD2E21004EC6AD /* ViewController.swift */ = {isa = PBXFileReference; lastKnownFileType = sourcecode.swift; path = ViewController.swift; sourceTree = "<group>"; };
		B05BA0391FFD2E21004EC6AD /* Base */ = {isa = PBXFileReference; lastKnownFileType = file.storyboard; name = Base; path = Base.lproj/Main.storyboard; sourceTree = "<group>"; };
		B05BA03B1FFD2E21004EC6AD /* Assets.xcassets */ = {isa = PBXFileReference; lastKnownFileType = folder.assetcatalog; path = Assets.xcassets; sourceTree = "<group>"; };
		B05BA03E1FFD2E21004EC6AD /* Base */ = {isa = PBXFileReference; lastKnownFileType = file.storyboard; name = Base; path = Base.lproj/LaunchScreen.storyboard; sourceTree = "<group>"; };
		B05BA0401FFD2E21004EC6AD /* Info.plist */ = {isa = PBXFileReference; lastKnownFileType = text.plist.xml; path = Info.plist; sourceTree = "<group>"; };
		B05BA0461FFD6C64004EC6AD /* DefinitionViewController.swift */ = {isa = PBXFileReference; fileEncoding = 4; lastKnownFileType = sourcecode.swift; path = DefinitionViewController.swift; sourceTree = "<group>"; };
/* End PBXFileReference section */

/* Begin PBXFrameworksBuildPhase section */
		B05BA02E1FFD2E21004EC6AD /* Frameworks */ = {
			isa = PBXFrameworksBuildPhase;
			buildActionMask = 2147483647;
			files = (
			);
			runOnlyForDeploymentPostprocessing = 0;
		};
/* End PBXFrameworksBuildPhase section */

/* Begin PBXGroup section */
		B05BA0281FFD2E20004EC6AD = {
			isa = PBXGroup;
			children = (
				B05BA0331FFD2E21004EC6AD /* Emoji Dictionary */,
				B05BA0321FFD2E21004EC6AD /* Products */,
			);
			sourceTree = "<group>";
		};
		B05BA0321FFD2E21004EC6AD /* Products */ = {
			isa = PBXGroup;
			children = (
				B05BA0311FFD2E21004EC6AD /* Emoji Dictionary.app */,
			);
			name = Products;
			sourceTree = "<group>";
		};
		B05BA0331FFD2E21004EC6AD /* Emoji Dictionary */ = {
			isa = PBXGroup;
			children = (
				B05BA0341FFD2E21004EC6AD /* AppDelegate.swift */,
				B05BA0361FFD2E21004EC6AD /* ViewController.swift */,
				B05BA0381FFD2E21004EC6AD /* Main.storyboard */,
				B05BA0461FFD6C64004EC6AD /* DefinitionViewController.swift */,
				B05BA03B1FFD2E21004EC6AD /* Assets.xcassets */,
				B05BA03D1FFD2E21004EC6AD /* LaunchScreen.storyboard */,
				B05BA0401FFD2E21004EC6AD /* Info.plist */,
			);
			path = "Emoji Dictionary";
			sourceTree = "<group>";
		};
/* End PBXGroup section */

/* Begin PBXNativeTarget section */
		B05BA0301FFD2E21004EC6AD /* Emoji Dictionary */ = {
			isa = PBXNativeTarget;
			buildConfigurationList = B05BA0431FFD2E21004EC6AD /* Build configuration list for PBXNativeTarget "Emoji Dictionary" */;
			buildPhases = (
				B05BA02D1FFD2E21004EC6AD /* Sources */,
				B05BA02E1FFD2E21004EC6AD /* Frameworks */,
				B05BA02F1FFD2E21004EC6AD /* Resources */,
			);
			buildRules = (
			);
			dependencies = (
			);
			name = "Emoji Dictionary";
			productName = "Emoji Dictionary";
			productReference = B05BA0311FFD2E21004EC6AD /* Emoji Dictionary.app */;
			productType = "com.apple.product-type.application";
		};
/* End PBXNativeTarget section */

/* Begin PBXProject section */
		B05BA0291FFD2E20004EC6AD /* Project object */ = {
			isa = PBXProject;
			attributes = {
				LastSwiftUpdateCheck = 0720;
				LastUpgradeCheck = 0720;
				ORGANIZATIONNAME = "njntrublJoe Momma";
				TargetAttributes = {
					B05BA0301FFD2E21004EC6AD = {
						CreatedOnToolsVersion = 7.2.1;
					};
				};
			};
			buildConfigurationList = B05BA02C1FFD2E20004EC6AD /* Build configuration list for PBXProject "Emoji Dictionary" */;
			compatibilityVersion = "Xcode 3.2";
			developmentRegion = English;
			hasScannedForEncodings = 0;
			knownRegions = (
				en,
				Base,
			);
			mainGroup = B05BA0281FFD2E20004EC6AD;
			productRefGroup = B05BA0321FFD2E21004EC6AD /* Products */;
			projectDirPath = "";
			projectRoot = "";
			targets = (
				B05BA0301FFD2E21004EC6AD /* Emoji Dictionary */,
			);
		};
/* End PBXProject section */

/* Begin PBXResourcesBuildPhase section */
		B05BA02F1FFD2E21004EC6AD /* Resources */ = {
			isa = PBXResourcesBuildPhase;
			buildActionMask = 2147483647;
			files = (
				B05BA03F1FFD2E21004EC6AD /* LaunchScreen.storyboard in Resources */,
				B05BA03C1FFD2E21004EC6AD /* Assets.xcassets in Resources */,
				B05BA03A1FFD2E21004EC6AD /* Main.storyboard in Resources */,
			);
			runOnlyForDeploymentPostprocessing = 0;
		};
/* End PBXResourcesBuildPhase section */

/* Begin PBXSourcesBuildPhase section */
		B05BA02D1FFD2E21004EC6AD /* Sources */ = {
			isa = PBXSourcesBuildPhase;
			buildActionMask = 2147483647;
			files = (
				B05BA0371FFD2E21004EC6AD /* ViewController.swift in Sources */,
				B05BA0471FFD6C64004EC6AD /* DefinitionViewController.swift in Sources */,
				B05BA0351FFD2E21004EC6AD /* AppDelegate.swift in Sources */,
			);
			runOnlyForDeploymentPostprocessing = 0;
		};
/* End PBXSourcesBuildPhase section */

/* Begin PBXVariantGroup section */
		B05BA0381FFD2E21004EC6AD /* Main.storyboard */ = {
			isa = PBXVariantGroup;
			children = (
				B05BA0391FFD2E21004EC6AD /* Base */,
			);
			name = Main.storyboard;
			sourceTree = "<group>";
		};
		B05BA03D1FFD2E21004EC6AD /* LaunchScreen.storyboard */ = {
			isa = PBXVariantGroup;
			children = (
				B05BA03E1FFD2E21004EC6AD /* Base */,
			);
			name = LaunchScreen.storyboard;
			sourceTree = "<group>";
		};
/* End PBXVariantGroup section */

/* Begin XCBuildConfiguration section */
		B05BA0411FFD2E21004EC6AD /* Debug */ = {
			isa = XCBuildConfiguration;
			buildSettings = {
				ALWAYS_SEARCH_USER_PATHS = NO;
				CLANG_CXX_LANGUAGE_STANDARD = "gnu++0x";
				CLANG_CXX_LIBRARY = "libc++";
				CLANG_ENABLE_MODULES = YES;
				CLANG_ENABLE_OBJC_ARC = YES;
				CLANG_WARN_BOOL_CONVERSION = YES;
				CLANG_WARN_CONSTANT_CONVERSION = YES;
				CLANG_WARN_DIRECT_OBJC_ISA_USAGE = YES_ERROR;
				CLANG_WARN_EMPTY_BODY = YES;
				CLANG_WARN_ENUM_CONVERSION = YES;
				CLANG_WARN_INT_CONVERSION = YES;
				CLANG_WARN_OBJC_ROOT_CLASS = YES_ERROR;
				CLANG_WARN_UNREACHABLE_CODE = YES;
				CLANG_WARN__DUPLICATE_METHOD_MATCH = YES;
				"CODE_SIGN_IDENTITY[sdk=iphoneos*]" = "iPhone Developer";
				COPY_PHASE_STRIP = NO;
				DEBUG_INFORMATION_FORMAT = dwarf;
				ENABLE_STRICT_OBJC_MSGSEND = YES;
				ENABLE_TESTABILITY = YES;
				GCC_C_LANGUAGE_STANDARD = gnu99;
				GCC_DYNAMIC_NO_PIC = NO;
				GCC_NO_COMMON_BLOCKS = YES;
				GCC_OPTIMIZATION_LEVEL = 0;
				GCC_PREPROCESSOR_DEFINITIONS = (
					"DEBUG=1",
					"$(inherited)",
				);
				GCC_WARN_64_TO_32_BIT_CONVERSION = YES;
				GCC_WARN_ABOUT_RETURN_TYPE = YES_ERROR;
				GCC_WARN_UNDECLARED_SELECTOR = YES;
				GCC_WARN_UNINITIALIZED_AUTOS = YES_AGGRESSIVE;
				GCC_WARN_UNUSED_FUNCTION = YES;
				GCC_WARN_UNUSED_VARIABLE = YES;
				IPHONEOS_DEPLOYMENT_TARGET = 9.2;
				MTL_ENABLE_DEBUG_INFO = YES;
				ONLY_ACTIVE_ARCH = YES;
				SDKROOT = iphoneos;
				SWIFT_OPTIMIZATION_LEVEL = "-Onone";
			};
			name = Debug;
		};
		B05BA0421FFD2E21004EC6AD /* Release */ = {
			isa = XCBuildConfiguration;
			buildSettings = {
				ALWAYS_SEARCH_USER_PATHS = NO;
				CLANG_CXX_LANGUAGE_STANDARD = "gnu++0x";
				CLANG_CXX_LIBRARY = "libc++";
				CLANG_ENABLE_MODULES = YES;
				CLANG_ENABLE_OBJC_ARC = YES;
				CLANG_WARN_BOOL_CONVERSION = YES;
				CLANG_WARN_CONSTANT_CONVERSION = YES;
				CLANG_WARN_DIRECT_OBJC_ISA_USAGE = YES_ERROR;
				CLANG_WARN_EMPTY_BODY = YES;
				CLANG_WARN_ENUM_CONVERSION = YES;
				CLANG_WARN_INT_CONVERSION = YES;
				CLANG_WARN_OBJC_ROOT_CLASS = YES_ERROR;
				CLANG_WARN_UNREACHABLE_CODE = YES;
				CLANG_WARN__DUPLICATE_METHOD_MATCH = YES;
				"CODE_SIGN_IDENTITY[sdk=iphoneos*]" = "iPhone Developer";
				COPY_PHASE_STRIP = NO;
				DEBUG_INFORMATION_FORMAT = "dwarf-with-dsym";
				ENABLE_NS_ASSERTIONS = NO;
				ENABLE_STRICT_OBJC_MSGSEND = YES;
				GCC_C_LANGUAGE_STANDARD = gnu99;
				GCC_NO_COMMON_BLOCKS = YES;
				GCC_WARN_64_TO_32_BIT_CONVERSION = YES;
				GCC_WARN_ABOUT_RETURN_TYPE = YES_ERROR;
				GCC_WARN_UNDECLARED_SELECTOR = YES;
				GCC_WARN_UNINITIALIZED_AUTOS = YES_AGGRESSIVE;
				GCC_WARN_UNUSED_FUNCTION = YES;
				GCC_WARN_UNUSED_VARIABLE = YES;
				IPHONEOS_DEPLOYMENT_TARGET = 9.2;
				MTL_ENABLE_DEBUG_INFO = NO;
				SDKROOT = iphoneos;
				VALIDATE_PRODUCT = YES;
			};
			name = Release;
		};
		B05BA0441FFD2E21004EC6AD /* Debug */ = {
			isa = XCBuildConfiguration;
			buildSettings = {
				ASSETCATALOG_COMPILER_APPICON_NAME = AppIcon;
				INFOPLIST_FILE = "Emoji Dictionary/Info.plist";
				LD_RUNPATH_SEARCH_PATHS = "$(inherited) @executable_path/Frameworks";
				PRODUCT_BUNDLE_IDENTIFIER = "com.njntrubl.Emoji-Dictionary";
				PRODUCT_NAME = "$(TARGET_NAME)";
			};
			name = Debug;
		};
		B05BA0451FFD2E21004EC6AD /* Release */ = {
			isa = XCBuildConfiguration;
			buildSettings = {
				ASSETCATALOG_COMPILER_APPICON_NAME = AppIcon;
				INFOPLIST_FILE = "Emoji Dictionary/Info.plist";
				LD_RUNPATH_SEARCH_PATHS = "$(inherited) @executable_path/Frameworks";
				PRODUCT_BUNDLE_IDENTIFIER = "com.njntrubl.Emoji-Dictionary";
				PRODUCT_NAME = "$(TARGET_NAME)";
			};
			name = Release;
		};
/* End XCBuildConfiguration section */

/* Begin XCConfigurationList section */
		B05BA02C1FFD2E20004EC6AD /* Build configuration list for PBXProject "Emoji Dictionary" */ = {
			isa = XCConfigurationList;
			buildConfigurations = (
				B05BA0411FFD2E21004EC6AD /* Debug */,
				B05BA0421FFD2E21004EC6AD /* Release */,
			);
			defaultConfigurationIsVisible = 0;
			defaultConfigurationName = Release;
		};
		B05BA0431FFD2E21004EC6AD /* Build configuration list for PBXNativeTarget "Emoji Dictionary" */ = {
			isa = XCConfigurationList;
			buildConfigurations = (
				B05BA0441FFD2E21004EC6AD /* Debug */,
				B05BA0451FFD2E21004EC6AD /* Release */,
			);
			defaultConfigurationIsVisible = 0;
		};
/* End XCConfigurationList section */
	};
	rootObject = B05BA0291FFD2E20004EC6AD /* Project object */;
}
